
Microsoft Visual Studio Solution File, Format Version 12.00
# Visual Studio Version 16
VisualStudioVersion = 25.0.1706.7
MinimumVisualStudioVersion = 10.0.40219.1
Project("{FAE04EC0-301F-11D3-BF4B-00C04F79EFBC}") = "ApptentiveNotes", "ApptentiveNotes.csproj", "{76C4B63A-48F6-49B0-A184-5E70B24842ED}"
EndProject
Global
	GlobalSection(SolutionConfigurationPlatforms) = preSolution
		Debug|Any CPU = Debug|Any CPU
		Release|Any CPU = Release|Any CPU
	EndGlobalSection
	GlobalSection(ProjectConfigurationPlatforms) = postSolution
		{76C4B63A-48F6-49B0-A184-5E70B24842ED}.Debug|Any CPU.ActiveCfg = Debug|Any CPU
		{76C4B63A-48F6-49B0-A184-5E70B24842ED}.Debug|Any CPU.Build.0 = Debug|Any CPU
		{76C4B63A-48F6-49B0-A184-5E70B24842ED}.Release|Any CPU.ActiveCfg = Release|Any CPU
		{76C4B63A-48F6-49B0-A184-5E70B24842ED}.Release|Any CPU.Build.0 = Release|Any CPU
	EndGlobalSection
	GlobalSection(SolutionProperties) = preSolution
		HideSolutionNode = FALSE
	EndGlobalSection
	GlobalSection(ExtensibilityGlobals) = postSolution
		SolutionGuid = {29AFF2D9-9296-4B1A-9CBB-692093705C8E}
	EndGlobalSection
EndGlobal
