
Microsoft Visual Studio Solution File, Format Version 12.00
# Visual Studio Version 16
VisualStudioVersion = 25.0.1706.8
MinimumVisualStudioVersion = 10.0.40219.1
Project("{FAE04EC0-301F-11D3-BF4B-00C04F79EFBC}") = "Plugin.Maui.Apptentive", "Plugin.Maui.Apptentive.csproj", "{AD678016-E0B9-4EF8-90C3-D8BE22DA374D}"
EndProject
Project("{FAE04EC0-301F-11D3-BF4B-00C04F79EFBC}") = "ApptentiveKit.iOS", "..\ApptentiveKit.iOS\ApptentiveKit.iOS.csproj", "{22178E63-67B9-46F5-AD00-4A423779E1C2}"
EndProject
Project("{FAE04EC0-301F-11D3-BF4B-00C04F79EFBC}") = "ApptentiveSample", "ApptentiveSample.csproj", "{1D0FD7B6-5A38-40F3-AA08-DD648C47ACFC}"
EndProject
Project("{FAE04EC0-301F-11D3-BF4B-00C04F79EFBC}") = "ApptentiveFeedback", "..\..\ApptentiveFeedback\ApptentiveFeedback\ApptentiveFeedback.csproj", "{9FEB56A5-44F4-416B-A51D-88C715629AA6}"
EndProject
Project("{FAE04EC0-301F-11D3-BF4B-00C04F79EFBC}") = "ApptentiveCore", "..\..\ApptentiveCore\ApptentiveCore\ApptentiveCore.csproj", "{291E799E-F3F7-452B-BA2D-47EE5D43FD88}"
EndProject
Project("{FAE04EC0-301F-11D3-BF4B-00C04F79EFBC}") = "ApptentiveCoreUI", "..\..\ApptentiveCoreUI\ApptentiveCoreUI\ApptentiveCoreUI.csproj", "{A76CE21B-7518-4E7B-A9F5-DFB647FF52D6}"
EndProject
Project("{FAE04EC0-301F-11D3-BF4B-00C04F79EFBC}") = "ApptentiveEnjoymentDialog", "..\..\ApptentiveEnjoymentDialog\ApptentiveEnjoymentDialog\ApptentiveEnjoymentDialog.csproj", "{E9968A27-31ED-4C2C-A531-695E722C968A}"
EndProject
Project("{FAE04EC0-301F-11D3-BF4B-00C04F79EFBC}") = "ApptentiveInAppReview", "..\..\ApptentiveInAppReview\ApptentiveInAppReview\ApptentiveInAppReview.csproj", "{D635A4F1-5572-4743-8362-65A06E23626E}"
EndProject
Project("{FAE04EC0-301F-11D3-BF4B-00C04F79EFBC}") = "ApptentiveMessageCenter", "..\..\ApptentiveMessageCenter\ApptentiveMessageCenter\ApptentiveMessageCenter.csproj", "{E46FBD70-810B-48CC-A278-4BCCCAC2DC3C}"
EndProject
Project("{FAE04EC0-301F-11D3-BF4B-00C04F79EFBC}") = "ApptentiveNavigateToLink", "..\..\ApptentiveNavigateToLink\ApptentiveNavigateToLink\ApptentiveNavigateToLink.csproj", "{99533E38-4A69-4460-A505-D245740B7720}"
EndProject
Project("{FAE04EC0-301F-11D3-BF4B-00C04F79EFBC}") = "ApptentiveNotes", "..\..\ApptentiveNotes\ApptentiveNotes\ApptentiveNotes.csproj", "{FBDF755D-4A26-40EB-B853-EA82D5AA96C5}"
EndProject
Project("{FAE04EC0-301F-11D3-BF4B-00C04F79EFBC}") = "ApptentiveRatings", "..\..\ApptentiveRatings\ApptentiveRatings\ApptentiveRatings.csproj", "{13D9FD94-F76F-4992-8711-259056F863B3}"
EndProject
Project("{FAE04EC0-301F-11D3-BF4B-00C04F79EFBC}") = "ApptentiveSurvey", "..\..\ApptentiveSurvey\ApptentiveSurvey\ApptentiveSurvey.csproj", "{F8347DC7-3DD5-4210-9330-C2B89BD3E43F}"
EndProject
Global
	GlobalSection(SolutionConfigurationPlatforms) = preSolution
		Debug|Any CPU = Debug|Any CPU
		Release|Any CPU = Release|Any CPU
	EndGlobalSection
	GlobalSection(ProjectConfigurationPlatforms) = postSolution
		{AD678016-E0B9-4EF8-90C3-D8BE22DA374D}.Debug|Any CPU.ActiveCfg = Debug|Any CPU
		{AD678016-E0B9-4EF8-90C3-D8BE22DA374D}.Debug|Any CPU.Build.0 = Debug|Any CPU
		{AD678016-E0B9-4EF8-90C3-D8BE22DA374D}.Release|Any CPU.ActiveCfg = Release|Any CPU
		{AD678016-E0B9-4EF8-90C3-D8BE22DA374D}.Release|Any CPU.Build.0 = Release|Any CPU
		{CC83B7C7-1CCD-4A64-9885-87E65E518C45}.Debug|Any CPU.ActiveCfg = Debug|Any CPU
		{CC83B7C7-1CCD-4A64-9885-87E65E518C45}.Debug|Any CPU.Build.0 = Debug|Any CPU
		{CC83B7C7-1CCD-4A64-9885-87E65E518C45}.Release|Any CPU.ActiveCfg = Release|Any CPU
		{CC83B7C7-1CCD-4A64-9885-87E65E518C45}.Release|Any CPU.Build.0 = Release|Any CPU
		{22178E63-67B9-46F5-AD00-4A423779E1C2}.Debug|Any CPU.ActiveCfg = Debug|Any CPU
		{22178E63-67B9-46F5-AD00-4A423779E1C2}.Debug|Any CPU.Build.0 = Debug|Any CPU
		{22178E63-67B9-46F5-AD00-4A423779E1C2}.Release|Any CPU.ActiveCfg = Release|Any CPU
		{22178E63-67B9-46F5-AD00-4A423779E1C2}.Release|Any CPU.Build.0 = Release|Any CPU
	EndGlobalSection
	GlobalSection(SolutionProperties) = preSolution
		HideSolutionNode = FALSE
	EndGlobalSection
	GlobalSection(ExtensibilityGlobals) = postSolution
		SolutionGuid = {358DF117-CDA3-43ED-9E70-F80839365821}
	EndGlobalSection
EndGlobal
